// !$*UTF8*$!
{
	archiveVersion = 1;
	classes = {
	};
	objectVersion = 56;
	objects = {

/* Begin PBXBuildFile section */
		3FBC85472AA393A900BC86A6 /* AppDelegate.swift in Sources */ = {isa = PBXBuildFile; fileRef = 3FBC85462AA393A900BC86A6 /* AppDelegate.swift */; };
		3FBC85492AA393A900BC86A6 /* SceneDelegate.swift in Sources */ = {isa = PBXBuildFile; fileRef = 3FBC85482AA393A900BC86A6 /* SceneDelegate.swift */; };
		3FBC854B2AA393A900BC86A6 /* ViewController.swift in Sources */ = {isa = PBXBuildFile; fileRef = 3FBC854A2AA393A900BC86A6 /* ViewController.swift */; };
		3FBC85502AA393AA00BC86A6 /* Assets.xcassets in Resources */ = {isa = PBXBuildFile; fileRef = 3FBC854F2AA393AA00BC86A6 /* Assets.xcassets */; };
		3FBC85532AA393AA00BC86A6 /* LaunchScreen.storyboard in Resources */ = {isa = PBXBuildFile; fileRef = 3FBC85512AA393AA00BC86A6 /* LaunchScreen.storyboard */; };
		3FBC855E2AA393AA00BC86A6 /* univercityTests.swift in Sources */ = {isa = PBXBuildFile; fileRef = 3FBC855D2AA393AA00BC86A6 /* univercityTests.swift */; };
		3FBC85682AA393AA00BC86A6 /* univercityUITests.swift in Sources */ = {isa = PBXBuildFile; fileRef = 3FBC85672AA393AA00BC86A6 /* univercityUITests.swift */; };
		3FBC856A2AA393AA00BC86A6 /* univercityUITestsLaunchTests.swift in Sources */ = {isa = PBXBuildFile; fileRef = 3FBC85692AA393AA00BC86A6 /* univercityUITestsLaunchTests.swift */; };
		3FBC85782AA396A900BC86A6 /* Alamofire in Frameworks */ = {isa = PBXBuildFile; productRef = 3FBC85772AA396A900BC86A6 /* Alamofire */; };
		3FBC857A2AA39AEE00BC86A6 /* model.swift in Sources */ = {isa = PBXBuildFile; fileRef = 3FBC85792AA39AEE00BC86A6 /* model.swift */; };
		3FBC857D2AA39C5B00BC86A6 /* SnapKit in Frameworks */ = {isa = PBXBuildFile; productRef = 3FBC857C2AA39C5B00BC86A6 /* SnapKit */; };
/* End PBXBuildFile section */

/* Begin PBXContainerItemProxy section */
		3FBC855A2AA393AA00BC86A6 /* PBXContainerItemProxy */ = {
			isa = PBXContainerItemProxy;
			containerPortal = 3FBC853B2AA393A900BC86A6 /* Project object */;
			proxyType = 1;
			remoteGlobalIDString = 3FBC85422AA393A900BC86A6;
			remoteInfo = univercity;
		};
		3FBC85642AA393AA00BC86A6 /* PBXContainerItemProxy */ = {
			isa = PBXContainerItemProxy;
			containerPortal = 3FBC853B2AA393A900BC86A6 /* Project object */;
			proxyType = 1;
			remoteGlobalIDString = 3FBC85422AA393A900BC86A6;
			remoteInfo = univercity;
		};
/* End PBXContainerItemProxy section */

/* Begin PBXFileReference section */
		3FBC85432AA393A900BC86A6 /* univercity.app */ = {isa = PBXFileReference; explicitFileType = wrapper.application; includeInIndex = 0; path = univercity.app; sourceTree = BUILT_PRODUCTS_DIR; };
		3FBC85462AA393A900BC86A6 /* AppDelegate.swift */ = {isa = PBXFileReference; lastKnownFileType = sourcecode.swift; path = AppDelegate.swift; sourceTree = "<group>"; };
		3FBC85482AA393A900BC86A6 /* SceneDelegate.swift */ = {isa = PBXFileReference; lastKnownFileType = sourcecode.swift; path = SceneDelegate.swift; sourceTree = "<group>"; };
		3FBC854A2AA393A900BC86A6 /* ViewController.swift */ = {isa = PBXFileReference; lastKnownFileType = sourcecode.swift; path = ViewController.swift; sourceTree = "<group>"; };
		3FBC854F2AA393AA00BC86A6 /* Assets.xcassets */ = {isa = PBXFileReference; lastKnownFileType = folder.assetcatalog; path = Assets.xcassets; sourceTree = "<group>"; };
		3FBC85522AA393AA00BC86A6 /* Base */ = {isa = PBXFileReference; lastKnownFileType = file.storyboard; name = Base; path = Base.lproj/LaunchScreen.storyboard; sourceTree = "<group>"; };
		3FBC85542AA393AA00BC86A6 /* Info.plist */ = {isa = PBXFileReference; lastKnownFileType = text.plist.xml; path = Info.plist; sourceTree = "<group>"; };
		3FBC85592AA393AA00BC86A6 /* univercityTests.xctest */ = {isa = PBXFileReference; explicitFileType = wrapper.cfbundle; includeInIndex = 0; path = univercityTests.xctest; sourceTree = BUILT_PRODUCTS_DIR; };
		3FBC855D2AA393AA00BC86A6 /* univercityTests.swift */ = {isa = PBXFileReference; lastKnownFileType = sourcecode.swift; path = univercityTests.swift; sourceTree = "<group>"; };
		3FBC85632AA393AA00BC86A6 /* univercityUITests.xctest */ = {isa = PBXFileReference; explicitFileType = wrapper.cfbundle; includeInIndex = 0; path = univercityUITests.xctest; sourceTree = BUILT_PRODUCTS_DIR; };
		3FBC85672AA393AA00BC86A6 /* univercityUITests.swift */ = {isa = PBXFileReference; lastKnownFileType = sourcecode.swift; path = univercityUITests.swift; sourceTree = "<group>"; };
		3FBC85692AA393AA00BC86A6 /* univercityUITestsLaunchTests.swift */ = {isa = PBXFileReference; lastKnownFileType = sourcecode.swift; path = univercityUITestsLaunchTests.swift; sourceTree = "<group>"; };
		3FBC85792AA39AEE00BC86A6 /* model.swift */ = {isa = PBXFileReference; lastKnownFileType = sourcecode.swift; path = model.swift; sourceTree = "<group>"; };
/* End PBXFileReference section */

/* Begin PBXFrameworksBuildPhase section */
		3FBC85402AA393A900BC86A6 /* Frameworks */ = {
			isa = PBXFrameworksBuildPhase;
			buildActionMask = 2147483647;
			files = (
				3FBC85782AA396A900BC86A6 /* Alamofire in Frameworks */,
				3FBC857D2AA39C5B00BC86A6 /* SnapKit in Frameworks */,
			);
			runOnlyForDeploymentPostprocessing = 0;
		};
		3FBC85562AA393AA00BC86A6 /* Frameworks */ = {
			isa = PBXFrameworksBuildPhase;
			buildActionMask = 2147483647;
			files = (
			);
			runOnlyForDeploymentPostprocessing = 0;
		};
		3FBC85602AA393AA00BC86A6 /* Frameworks */ = {
			isa = PBXFrameworksBuildPhase;
			buildActionMask = 2147483647;
			files = (
			);
			runOnlyForDeploymentPostprocessing = 0;
		};
/* End PBXFrameworksBuildPhase section */

/* Begin PBXGroup section */
		3FBC853A2AA393A900BC86A6 = {
			isa = PBXGroup;
			children = (
				3FBC85452AA393A900BC86A6 /* univercity */,
				3FBC855C2AA393AA00BC86A6 /* univercityTests */,
				3FBC85662AA393AA00BC86A6 /* univercityUITests */,
				3FBC85442AA393A900BC86A6 /* Products */,
			);
			sourceTree = "<group>";
		};
		3FBC85442AA393A900BC86A6 /* Products */ = {
			isa = PBXGroup;
			children = (
				3FBC85432AA393A900BC86A6 /* univercity.app */,
				3FBC85592AA393AA00BC86A6 /* univercityTests.xctest */,
				3FBC85632AA393AA00BC86A6 /* univercityUITests.xctest */,
			);
			name = Products;
			sourceTree = "<group>";
		};
		3FBC85452AA393A900BC86A6 /* univercity */ = {
			isa = PBXGroup;
			children = (
				3FBC85462AA393A900BC86A6 /* AppDelegate.swift */,
				3FBC85482AA393A900BC86A6 /* SceneDelegate.swift */,
				3FBC85792AA39AEE00BC86A6 /* model.swift */,
				3FBC854A2AA393A900BC86A6 /* ViewController.swift */,
				3FBC854F2AA393AA00BC86A6 /* Assets.xcassets */,
				3FBC85512AA393AA00BC86A6 /* LaunchScreen.storyboard */,
				3FBC85542AA393AA00BC86A6 /* Info.plist */,
			);
			path = univercity;
			sourceTree = "<group>";
		};
		3FBC855C2AA393AA00BC86A6 /* univercityTests */ = {
			isa = PBXGroup;
			children = (
				3FBC855D2AA393AA00BC86A6 /* univercityTests.swift */,
			);
			path = univercityTests;
			sourceTree = "<group>";
		};
		3FBC85662AA393AA00BC86A6 /* univercityUITests */ = {
			isa = PBXGroup;
			children = (
				3FBC85672AA393AA00BC86A6 /* univercityUITests.swift */,
				3FBC85692AA393AA00BC86A6 /* univercityUITestsLaunchTests.swift */,
			);
			path = univercityUITests;
			sourceTree = "<group>";
		};
/* End PBXGroup section */

/* Begin PBXNativeTarget section */
		3FBC85422AA393A900BC86A6 /* univercity */ = {
			isa = PBXNativeTarget;
			buildConfigurationList = 3FBC856D2AA393AA00BC86A6 /* Build configuration list for PBXNativeTarget "univercity" */;
			buildPhases = (
				3FBC853F2AA393A900BC86A6 /* Sources */,
				3FBC85402AA393A900BC86A6 /* Frameworks */,
				3FBC85412AA393A900BC86A6 /* Resources */,
			);
			buildRules = (
			);
			dependencies = (
			);
			name = univercity;
			packageProductDependencies = (
				3FBC85772AA396A900BC86A6 /* Alamofire */,
				3FBC857C2AA39C5B00BC86A6 /* SnapKit */,
			);
			productName = univercity;
			productReference = 3FBC85432AA393A900BC86A6 /* univercity.app */;
			productType = "com.apple.product-type.application";
		};
		3FBC85582AA393AA00BC86A6 /* univercityTests */ = {
			isa = PBXNativeTarget;
			buildConfigurationList = 3FBC85702AA393AA00BC86A6 /* Build configuration list for PBXNativeTarget "univercityTests" */;
			buildPhases = (
				3FBC85552AA393AA00BC86A6 /* Sources */,
				3FBC85562AA393AA00BC86A6 /* Frameworks */,
				3FBC85572AA393AA00BC86A6 /* Resources */,
			);
			buildRules = (
			);
			dependencies = (
				3FBC855B2AA393AA00BC86A6 /* PBXTargetDependency */,
			);
			name = univercityTests;
			productName = univercityTests;
			productReference = 3FBC85592AA393AA00BC86A6 /* univercityTests.xctest */;
			productType = "com.apple.product-type.bundle.unit-test";
		};
		3FBC85622AA393AA00BC86A6 /* univercityUITests */ = {
			isa = PBXNativeTarget;
			buildConfigurationList = 3FBC85732AA393AA00BC86A6 /* Build configuration list for PBXNativeTarget "univercityUITests" */;
			buildPhases = (
				3FBC855F2AA393AA00BC86A6 /* Sources */,
				3FBC85602AA393AA00BC86A6 /* Frameworks */,
				3FBC85612AA393AA00BC86A6 /* Resources */,
			);
			buildRules = (
			);
			dependencies = (
				3FBC85652AA393AA00BC86A6 /* PBXTargetDependency */,
			);
			name = univercityUITests;
			productName = univercityUITests;
			productReference = 3FBC85632AA393AA00BC86A6 /* univercityUITests.xctest */;
			productType = "com.apple.product-type.bundle.ui-testing";
		};
/* End PBXNativeTarget section */

/* Begin PBXProject section */
		3FBC853B2AA393A900BC86A6 /* Project object */ = {
			isa = PBXProject;
			attributes = {
				BuildIndependentTargetsInParallel = 1;
				LastSwiftUpdateCheck = 1420;
				LastUpgradeCheck = 1420;
				TargetAttributes = {
					3FBC85422AA393A900BC86A6 = {
						CreatedOnToolsVersion = 14.2;
					};
					3FBC85582AA393AA00BC86A6 = {
						CreatedOnToolsVersion = 14.2;
						TestTargetID = 3FBC85422AA393A900BC86A6;
					};
					3FBC85622AA393AA00BC86A6 = {
						CreatedOnToolsVersion = 14.2;
						TestTargetID = 3FBC85422AA393A900BC86A6;
					};
				};
			};
			buildConfigurationList = 3FBC853E2AA393A900BC86A6 /* Build configuration list for PBXProject "univercity" */;
			compatibilityVersion = "Xcode 14.0";
			developmentRegion = en;
			hasScannedForEncodings = 0;
			knownRegions = (
				en,
				Base,
			);
			mainGroup = 3FBC853A2AA393A900BC86A6;
			packageReferences = (
				3FBC85762AA396A900BC86A6 /* XCRemoteSwiftPackageReference "Alamofire" */,
				3FBC857B2AA39C5B00BC86A6 /* XCRemoteSwiftPackageReference "SnapKit" */,
			);
			productRefGroup = 3FBC85442AA393A900BC86A6 /* Products */;
			projectDirPath = "";
			projectRoot = "";
			targets = (
				3FBC85422AA393A900BC86A6 /* univercity */,
				3FBC85582AA393AA00BC86A6 /* univercityTests */,
				3FBC85622AA393AA00BC86A6 /* univercityUITests */,
			);
		};
/* End PBXProject section */

/* Begin PBXResourcesBuildPhase section */
		3FBC85412AA393A900BC86A6 /* Resources */ = {
			isa = PBXResourcesBuildPhase;
			buildActionMask = 2147483647;
			files = (
				3FBC85532AA393AA00BC86A6 /* LaunchScreen.storyboard in Resources */,
				3FBC85502AA393AA00BC86A6 /* Assets.xcassets in Resources */,
			);
			runOnlyForDeploymentPostprocessing = 0;
		};
		3FBC85572AA393AA00BC86A6 /* Resources */ = {
			isa = PBXResourcesBuildPhase;
			buildActionMask = 2147483647;
			files = (
			);
			runOnlyForDeploymentPostprocessing = 0;
		};
		3FBC85612AA393AA00BC86A6 /* Resources */ = {
			isa = PBXResourcesBuildPhase;
			buildActionMask = 2147483647;
			files = (
			);
			runOnlyForDeploymentPostprocessing = 0;
		};
/* End PBXResourcesBuildPhase section */

/* Begin PBXSourcesBuildPhase section */
		3FBC853F2AA393A900BC86A6 /* Sources */ = {
			isa = PBXSourcesBuildPhase;
			buildActionMask = 2147483647;
			files = (
				3FBC854B2AA393A900BC86A6 /* ViewController.swift in Sources */,
				3FBC85472AA393A900BC86A6 /* AppDelegate.swift in Sources */,
				3FBC85492AA393A900BC86A6 /* SceneDelegate.swift in Sources */,
				3FBC857A2AA39AEE00BC86A6 /* model.swift in Sources */,
			);
			runOnlyForDeploymentPostprocessing = 0;
		};
		3FBC85552AA393AA00BC86A6 /* Sources */ = {
			isa = PBXSourcesBuildPhase;
			buildActionMask = 2147483647;
			files = (
				3FBC855E2AA393AA00BC86A6 /* univercityTests.swift in Sources */,
			);
			runOnlyForDeploymentPostprocessing = 0;
		};
		3FBC855F2AA393AA00BC86A6 /* Sources */ = {
			isa = PBXSourcesBuildPhase;
			buildActionMask = 2147483647;
			files = (
				3FBC856A2AA393AA00BC86A6 /* univercityUITestsLaunchTests.swift in Sources */,
				3FBC85682AA393AA00BC86A6 /* univercityUITests.swift in Sources */,
			);
			runOnlyForDeploymentPostprocessing = 0;
		};
/* End PBXSourcesBuildPhase section */

/* Begin PBXTargetDependency section */
		3FBC855B2AA393AA00BC86A6 /* PBXTargetDependency */ = {
			isa = PBXTargetDependency;
			target = 3FBC85422AA393A900BC86A6 /* univercity */;
			targetProxy = 3FBC855A2AA393AA00BC86A6 /* PBXContainerItemProxy */;
		};
		3FBC85652AA393AA00BC86A6 /* PBXTargetDependency */ = {
			isa = PBXTargetDependency;
			target = 3FBC85422AA393A900BC86A6 /* univercity */;
			targetProxy = 3FBC85642AA393AA00BC86A6 /* PBXContainerItemProxy */;
		};
/* End PBXTargetDependency section */

/* Begin PBXVariantGroup section */
		3FBC85512AA393AA00BC86A6 /* LaunchScreen.storyboard */ = {
			isa = PBXVariantGroup;
			children = (
				3FBC85522AA393AA00BC86A6 /* Base */,
			);
			name = LaunchScreen.storyboard;
			sourceTree = "<group>";
		};
/* End PBXVariantGroup section */

/* Begin XCBuildConfiguration section */
		3FBC856B2AA393AA00BC86A6 /* Debug */ = {
			isa = XCBuildConfiguration;
			buildSettings = {
				ALWAYS_SEARCH_USER_PATHS = NO;
				CLANG_ANALYZER_NONNULL = YES;
				CLANG_ANALYZER_NUMBER_OBJECT_CONVERSION = YES_AGGRESSIVE;
				CLANG_CXX_LANGUAGE_STANDARD = "gnu++20";
				CLANG_ENABLE_MODULES = YES;
				CLANG_ENABLE_OBJC_ARC = YES;
				CLANG_ENABLE_OBJC_WEAK = YES;
				CLANG_WARN_BLOCK_CAPTURE_AUTORELEASING = YES;
				CLANG_WARN_BOOL_CONVERSION = YES;
				CLANG_WARN_COMMA = YES;
				CLANG_WARN_CONSTANT_CONVERSION = YES;
				CLANG_WARN_DEPRECATED_OBJC_IMPLEMENTATIONS = YES;
				CLANG_WARN_DIRECT_OBJC_ISA_USAGE = YES_ERROR;
				CLANG_WARN_DOCUMENTATION_COMMENTS = YES;
				CLANG_WARN_EMPTY_BODY = YES;
				CLANG_WARN_ENUM_CONVERSION = YES;
				CLANG_WARN_INFINITE_RECURSION = YES;
				CLANG_WARN_INT_CONVERSION = YES;
				CLANG_WARN_NON_LITERAL_NULL_CONVERSION = YES;
				CLANG_WARN_OBJC_IMPLICIT_RETAIN_SELF = YES;
				CLANG_WARN_OBJC_LITERAL_CONVERSION = YES;
				CLANG_WARN_OBJC_ROOT_CLASS = YES_ERROR;
				CLANG_WARN_QUOTED_INCLUDE_IN_FRAMEWORK_HEADER = YES;
				CLANG_WARN_RANGE_LOOP_ANALYSIS = YES;
				CLANG_WARN_STRICT_PROTOTYPES = YES;
				CLANG_WARN_SUSPICIOUS_MOVE = YES;
				CLANG_WARN_UNGUARDED_AVAILABILITY = YES_AGGRESSIVE;
				CLANG_WARN_UNREACHABLE_CODE = YES;
				CLANG_WARN__DUPLICATE_METHOD_MATCH = YES;
				COPY_PHASE_STRIP = NO;
				DEBUG_INFORMATION_FORMAT = dwarf;
				ENABLE_STRICT_OBJC_MSGSEND = YES;
				ENABLE_TESTABILITY = YES;
				GCC_C_LANGUAGE_STANDARD = gnu11;
				GCC_DYNAMIC_NO_PIC = NO;
				GCC_NO_COMMON_BLOCKS = YES;
				GCC_OPTIMIZATION_LEVEL = 0;
				GCC_PREPROCESSOR_DEFINITIONS = (
					"DEBUG=1",
					"$(inherited)",
				);
				GCC_WARN_64_TO_32_BIT_CONVERSION = YES;
				GCC_WARN_ABOUT_RETURN_TYPE = YES_ERROR;
				GCC_WARN_UNDECLARED_SELECTOR = YES;
				GCC_WARN_UNINITIALIZED_AUTOS = YES_AGGRESSIVE;
				GCC_WARN_UNUSED_FUNCTION = YES;
				GCC_WARN_UNUSED_VARIABLE = YES;
				IPHONEOS_DEPLOYMENT_TARGET = 16.2;
				MTL_ENABLE_DEBUG_INFO = INCLUDE_SOURCE;
				MTL_FAST_MATH = YES;
				ONLY_ACTIVE_ARCH = YES;
				SDKROOT = iphoneos;
				SWIFT_ACTIVE_COMPILATION_CONDITIONS = DEBUG;
				SWIFT_OPTIMIZATION_LEVEL = "-Onone";
			};
			name = Debug;
		};
		3FBC856C2AA393AA00BC86A6 /* Release */ = {
			isa = XCBuildConfiguration;
			buildSettings = {
				ALWAYS_SEARCH_USER_PATHS = NO;
				CLANG_ANALYZER_NONNULL = YES;
				CLANG_ANALYZER_NUMBER_OBJECT_CONVERSION = YES_AGGRESSIVE;
				CLANG_CXX_LANGUAGE_STANDARD = "gnu++20";
				CLANG_ENABLE_MODULES = YES;
				CLANG_ENABLE_OBJC_ARC = YES;
				CLANG_ENABLE_OBJC_WEAK = YES;
				CLANG_WARN_BLOCK_CAPTURE_AUTORELEASING = YES;
				CLANG_WARN_BOOL_CONVERSION = YES;
				CLANG_WARN_COMMA = YES;
				CLANG_WARN_CONSTANT_CONVERSION = YES;
				CLANG_WARN_DEPRECATED_OBJC_IMPLEMENTATIONS = YES;
				CLANG_WARN_DIRECT_OBJC_ISA_USAGE = YES_ERROR;
				CLANG_WARN_DOCUMENTATION_COMMENTS = YES;
				CLANG_WARN_EMPTY_BODY = YES;
				CLANG_WARN_ENUM_CONVERSION = YES;
				CLANG_WARN_INFINITE_RECURSION = YES;
				CLANG_WARN_INT_CONVERSION = YES;
				CLANG_WARN_NON_LITERAL_NULL_CONVERSION = YES;
				CLANG_WARN_OBJC_IMPLICIT_RETAIN_SELF = YES;
				CLANG_WARN_OBJC_LITERAL_CONVERSION = YES;
				CLANG_WARN_OBJC_ROOT_CLASS = YES_ERROR;
				CLANG_WARN_QUOTED_INCLUDE_IN_FRAMEWORK_HEADER = YES;
				CLANG_WARN_RANGE_LOOP_ANALYSIS = YES;
				CLANG_WARN_STRICT_PROTOTYPES = YES;
				CLANG_WARN_SUSPICIOUS_MOVE = YES;
				CLANG_WARN_UNGUARDED_AVAILABILITY = YES_AGGRESSIVE;
				CLANG_WARN_UNREACHABLE_CODE = YES;
				CLANG_WARN__DUPLICATE_METHOD_MATCH = YES;
				COPY_PHASE_STRIP = NO;
				DEBUG_INFORMATION_FORMAT = "dwarf-with-dsym";
				ENABLE_NS_ASSERTIONS = NO;
				ENABLE_STRICT_OBJC_MSGSEND = YES;
				GCC_C_LANGUAGE_STANDARD = gnu11;
				GCC_NO_COMMON_BLOCKS = YES;
				GCC_WARN_64_TO_32_BIT_CONVERSION = YES;
				GCC_WARN_ABOUT_RETURN_TYPE = YES_ERROR;
				GCC_WARN_UNDECLARED_SELECTOR = YES;
				GCC_WARN_UNINITIALIZED_AUTOS = YES_AGGRESSIVE;
				GCC_WARN_UNUSED_FUNCTION = YES;
				GCC_WARN_UNUSED_VARIABLE = YES;
				IPHONEOS_DEPLOYMENT_TARGET = 16.2;
				MTL_ENABLE_DEBUG_INFO = NO;
				MTL_FAST_MATH = YES;
				SDKROOT = iphoneos;
				SWIFT_COMPILATION_MODE = wholemodule;
				SWIFT_OPTIMIZATION_LEVEL = "-O";
				VALIDATE_PRODUCT = YES;
			};
			name = Release;
		};
		3FBC856E2AA393AA00BC86A6 /* Debug */ = {
			isa = XCBuildConfiguration;
			buildSettings = {
				ASSETCATALOG_COMPILER_APPICON_NAME = AppIcon;
				ASSETCATALOG_COMPILER_GLOBAL_ACCENT_COLOR_NAME = AccentColor;
				CODE_SIGN_STYLE = Automatic;
				CURRENT_PROJECT_VERSION = 1;
				DEVELOPMENT_TEAM = KT22AUQWMB;
				GENERATE_INFOPLIST_FILE = YES;
				INFOPLIST_FILE = univercity/Info.plist;
				INFOPLIST_KEY_UIApplicationSupportsIndirectInputEvents = YES;
				INFOPLIST_KEY_UILaunchStoryboardName = LaunchScreen;
				INFOPLIST_KEY_UISupportedInterfaceOrientations_iPad = "UIInterfaceOrientationPortrait UIInterfaceOrientationPortraitUpsideDown UIInterfaceOrientationLandscapeLeft UIInterfaceOrientationLandscapeRight";
				INFOPLIST_KEY_UISupportedInterfaceOrientations_iPhone = "UIInterfaceOrientationPortrait UIInterfaceOrientationLandscapeLeft UIInterfaceOrientationLandscapeRight";
				LD_RUNPATH_SEARCH_PATHS = (
					"$(inherited)",
					"@executable_path/Frameworks",
				);
				MARKETING_VERSION = 1.0;
				PRODUCT_BUNDLE_IDENTIFIER = "-23.univercity";
				PRODUCT_NAME = "$(TARGET_NAME)";
				SWIFT_EMIT_LOC_STRINGS = YES;
				SWIFT_VERSION = 5.0;
				TARGETED_DEVICE_FAMILY = "1,2";
			};
			name = Debug;
		};
		3FBC856F2AA393AA00BC86A6 /* Release */ = {
			isa = XCBuildConfiguration;
			buildSettings = {
				ASSETCATALOG_COMPILER_APPICON_NAME = AppIcon;
				ASSETCATALOG_COMPILER_GLOBAL_ACCENT_COLOR_NAME = AccentColor;
				CODE_SIGN_STYLE = Automatic;
				CURRENT_PROJECT_VERSION = 1;
				DEVELOPMENT_TEAM = KT22AUQWMB;
				GENERATE_INFOPLIST_FILE = YES;
				INFOPLIST_FILE = univercity/Info.plist;
				INFOPLIST_KEY_UIApplicationSupportsIndirectInputEvents = YES;
				INFOPLIST_KEY_UILaunchStoryboardName = LaunchScreen;
				INFOPLIST_KEY_UISupportedInterfaceOrientations_iPad = "UIInterfaceOrientationPortrait UIInterfaceOrientationPortraitUpsideDown UIInterfaceOrientationLandscapeLeft UIInterfaceOrientationLandscapeRight";
				INFOPLIST_KEY_UISupportedInterfaceOrientations_iPhone = "UIInterfaceOrientationPortrait UIInterfaceOrientationLandscapeLeft UIInterfaceOrientationLandscapeRight";
				LD_RUNPATH_SEARCH_PATHS = (
					"$(inherited)",
					"@executable_path/Frameworks",
				);
				MARKETING_VERSION = 1.0;
				PRODUCT_BUNDLE_IDENTIFIER = "-23.univercity";
				PRODUCT_NAME = "$(TARGET_NAME)";
				SWIFT_EMIT_LOC_STRINGS = YES;
				SWIFT_VERSION = 5.0;
				TARGETED_DEVICE_FAMILY = "1,2";
			};
			name = Release;
		};
		3FBC85712AA393AA00BC86A6 /* Debug */ = {
			isa = XCBuildConfiguration;
			buildSettings = {
				ALWAYS_EMBED_SWIFT_STANDARD_LIBRARIES = YES;
				BUNDLE_LOADER = "$(TEST_HOST)";
				CODE_SIGN_STYLE = Automatic;
				CURRENT_PROJECT_VERSION = 1;
				DEVELOPMENT_TEAM = KT22AUQWMB;
				GENERATE_INFOPLIST_FILE = YES;
				IPHONEOS_DEPLOYMENT_TARGET = 16.2;
				MARKETING_VERSION = 1.0;
				PRODUCT_BUNDLE_IDENTIFIER = "-23.univercityTests";
				PRODUCT_NAME = "$(TARGET_NAME)";
				SWIFT_EMIT_LOC_STRINGS = NO;
				SWIFT_VERSION = 5.0;
				TARGETED_DEVICE_FAMILY = "1,2";
				TEST_HOST = "$(BUILT_PRODUCTS_DIR)/univercity.app/$(BUNDLE_EXECUTABLE_FOLDER_PATH)/univercity";
			};
			name = Debug;
		};
		3FBC85722AA393AA00BC86A6 /* Release */ = {
			isa = XCBuildConfiguration;
			buildSettings = {
				ALWAYS_EMBED_SWIFT_STANDARD_LIBRARIES = YES;
				BUNDLE_LOADER = "$(TEST_HOST)";
				CODE_SIGN_STYLE = Automatic;
				CURRENT_PROJECT_VERSION = 1;
				DEVELOPMENT_TEAM = KT22AUQWMB;
				GENERATE_INFOPLIST_FILE = YES;
				IPHONEOS_DEPLOYMENT_TARGET = 16.2;
				MARKETING_VERSION = 1.0;
				PRODUCT_BUNDLE_IDENTIFIER = "-23.univercityTests";
				PRODUCT_NAME = "$(TARGET_NAME)";
				SWIFT_EMIT_LOC_STRINGS = NO;
				SWIFT_VERSION = 5.0;
				TARGETED_DEVICE_FAMILY = "1,2";
				TEST_HOST = "$(BUILT_PRODUCTS_DIR)/univercity.app/$(BUNDLE_EXECUTABLE_FOLDER_PATH)/univercity";
			};
			name = Release;
		};
		3FBC85742AA393AA00BC86A6 /* Debug */ = {
			isa = XCBuildConfiguration;
			buildSettings = {
				ALWAYS_EMBED_SWIFT_STANDARD_LIBRARIES = YES;
				CODE_SIGN_STYLE = Automatic;
				CURRENT_PROJECT_VERSION = 1;
				DEVELOPMENT_TEAM = KT22AUQWMB;
				GENERATE_INFOPLIST_FILE = YES;
				MARKETING_VERSION = 1.0;
				PRODUCT_BUNDLE_IDENTIFIER = "-23.univercityUITests";
				PRODUCT_NAME = "$(TARGET_NAME)";
				SWIFT_EMIT_LOC_STRINGS = NO;
				SWIFT_VERSION = 5.0;
				TARGETED_DEVICE_FAMILY = "1,2";
				TEST_TARGET_NAME = univercity;
			};
			name = Debug;
		};
		3FBC85752AA393AA00BC86A6 /* Release */ = {
			isa = XCBuildConfiguration;
			buildSettings = {
				ALWAYS_EMBED_SWIFT_STANDARD_LIBRARIES = YES;
				CODE_SIGN_STYLE = Automatic;
				CURRENT_PROJECT_VERSION = 1;
				DEVELOPMENT_TEAM = KT22AUQWMB;
				GENERATE_INFOPLIST_FILE = YES;
				MARKETING_VERSION = 1.0;
				PRODUCT_BUNDLE_IDENTIFIER = "-23.univercityUITests";
				PRODUCT_NAME = "$(TARGET_NAME)";
				SWIFT_EMIT_LOC_STRINGS = NO;
				SWIFT_VERSION = 5.0;
				TARGETED_DEVICE_FAMILY = "1,2";
				TEST_TARGET_NAME = univercity;
			};
			name = Release;
		};
/* End XCBuildConfiguration section */

/* Begin XCConfigurationList section */
		3FBC853E2AA393A900BC86A6 /* Build configuration list for PBXProject "univercity" */ = {
			isa = XCConfigurationList;
			buildConfigurations = (
				3FBC856B2AA393AA00BC86A6 /* Debug */,
				3FBC856C2AA393AA00BC86A6 /* Release */,
			);
			defaultConfigurationIsVisible = 0;
			defaultConfigurationName = Release;
		};
		3FBC856D2AA393AA00BC86A6 /* Build configuration list for PBXNativeTarget "univercity" */ = {
			isa = XCConfigurationList;
			buildConfigurations = (
				3FBC856E2AA393AA00BC86A6 /* Debug */,
				3FBC856F2AA393AA00BC86A6 /* Release */,
			);
			defaultConfigurationIsVisible = 0;
			defaultConfigurationName = Release;
		};
		3FBC85702AA393AA00BC86A6 /* Build configuration list for PBXNativeTarget "univercityTests" */ = {
			isa = XCConfigurationList;
			buildConfigurations = (
				3FBC85712AA393AA00BC86A6 /* Debug */,
				3FBC85722AA393AA00BC86A6 /* Release */,
			);
			defaultConfigurationIsVisible = 0;
			defaultConfigurationName = Release;
		};
		3FBC85732AA393AA00BC86A6 /* Build configuration list for PBXNativeTarget "univercityUITests" */ = {
			isa = XCConfigurationList;
			buildConfigurations = (
				3FBC85742AA393AA00BC86A6 /* Debug */,
				3FBC85752AA393AA00BC86A6 /* Release */,
			);
			defaultConfigurationIsVisible = 0;
			defaultConfigurationName = Release;
		};
/* End XCConfigurationList section */

/* Begin XCRemoteSwiftPackageReference section */
		3FBC85762AA396A900BC86A6 /* XCRemoteSwiftPackageReference "Alamofire" */ = {
			isa = XCRemoteSwiftPackageReference;
			repositoryURL = "https://github.com/Alamofire/Alamofire";
			requirement = {
				kind = upToNextMajorVersion;
				minimumVersion = 5.0.0;
			};
		};
		3FBC857B2AA39C5B00BC86A6 /* XCRemoteSwiftPackageReference "SnapKit" */ = {
			isa = XCRemoteSwiftPackageReference;
			repositoryURL = "https://github.com/SnapKit/SnapKit.git";
			requirement = {
				branch = develop;
				kind = branch;
			};
		};
/* End XCRemoteSwiftPackageReference section */

/* Begin XCSwiftPackageProductDependency section */
		3FBC85772AA396A900BC86A6 /* Alamofire */ = {
			isa = XCSwiftPackageProductDependency;
			package = 3FBC85762AA396A900BC86A6 /* XCRemoteSwiftPackageReference "Alamofire" */;
			productName = Alamofire;
		};
		3FBC857C2AA39C5B00BC86A6 /* SnapKit */ = {
			isa = XCSwiftPackageProductDependency;
			package = 3FBC857B2AA39C5B00BC86A6 /* XCRemoteSwiftPackageReference "SnapKit" */;
			productName = SnapKit;
		};
/* End XCSwiftPackageProductDependency section */
	};
	rootObject = 3FBC853B2AA393A900BC86A6 /* Project object */;
}
